
Microsoft Visual Studio Solution File, Format Version 12.00
# Visual Studio Version 17
VisualStudioVersion = 17.4.33213.308
MinimumVisualStudioVersion = 10.0.40219.1
Project("{FAE04EC0-301F-11D3-BF4B-00C04F79EFBC}") = "1", "1\1.csproj", "{7B0E1D48-E063-4D4B-B99D-3DACF318D53F}"
EndProject
Global
	GlobalSection(SolutionConfigurationPlatforms) = preSolution
		Debug|Any CPU = Debug|Any CPU
		Release|Any CPU = Release|Any CPU
	EndGlobalSection
	GlobalSection(ProjectConfigurationPlatforms) = postSolution
		{7B0E1D48-E063-4D4B-B99D-3DACF318D53F}.Debug|Any CPU.ActiveCfg = Debug|Any CPU
		{7B0E1D48-E063-4D4B-B99D-3DACF318D53F}.Debug|Any CPU.Build.0 = Debug|Any CPU
		{7B0E1D48-E063-4D4B-B99D-3DACF318D53F}.Release|Any CPU.ActiveCfg = Release|Any CPU
		{7B0E1D48-E063-4D4B-B99D-3DACF318D53F}.Release|Any CPU.Build.0 = Release|Any CPU
	EndGlobalSection
	GlobalSection(SolutionProperties) = preSolution
		HideSolutionNode = FALSE
	EndGlobalSection
	GlobalSection(ExtensibilityGlobals) = postSolution
		SolutionGuid = {19FAF02A-3F2E-4415-A92F-4511E63F1A81}
	EndGlobalSection
EndGlobal
